{
  "name": "isom-graduate",
  "version": "1.0.0",
  "lockfileVersion": 3,
  "requires": true,
  "packages": {
    "": {
      "name": "isom-graduate",
      "version": "1.0.0",
      "dependencies": {
        "@fontsource/aleo": "^5.3.0",
        "@fontsource/amiri": "^5.3.0",
        "@fontsource/barlow-condensed": "^5.3.0",
        "@fontsource/cairo": "^5.3.0",
        "@fontsource/dm-sans": "^5.3.0",
        "@fontsource/tajawal": "^5.3.0",
        "playwright": "^1.63.0"
      }
    },
    "node_modules/@fontsource/aleo": {
      "version": "5.3.0",
      "resolved": "https://registry.npmjs.org/@fontsource/aleo/-/aleo-5.3.0.tgz",
      "integrity": "sha512-HaDP0Ac6pej4H75ljAFFSueE1te66s+sCxuGQtSOcbKRbbPbjvab6n1ZqMv+EC428afijlpMfagO/pes9hk2/w==",
      "license": "OFL-1.1",
      "funding": {
        "url": "https://github.com/sponsors/ayuhito"
      }
    },
    "node_modules/@fontsource/amiri": {
      "version": "5.3.0",
      "resolved": "https://registry.npmjs.org/@fontsource/amiri/-/amiri-5.3.0.tgz",
      "integrity": "sha512-i4SWJnVIphj8556EdVzNrEG/Qu82k6JXjXTtSUIohx3tHmo2GHw1Kv60TWo+xjk7Yf1Etb2Gskh0lUFclTKyUw==",
      "license": "OFL-1.1",
      "funding": {
        "url": "https://github.com/sponsors/ayuhito"
      }
    },
    "node_modules/@fontsource/barlow-condensed": {
      "version": "5.3.0",
      "resolved": "https://registry.npmjs.org/@fontsource/barlow-condensed/-/barlow-condensed-5.3.0.tgz",
      "integrity": "sha512-RA7MmIx0v3eQ6Gcf74qLVLOwLB0GpPOzx+eU9iG/AmCnSJGcIWYeU8y6CEMGZ210MGwGg5CZhzLkkvyZdTTk1g==",
      "license": "OFL-1.1",
      "funding": {
        "url": "https://github.com/sponsors/ayuhito"
      }
    },
    "node_modules/@fontsource/cairo": {
      "version": "5.3.0",
      "resolved": "https://registry.npmjs.org/@fontsource/cairo/-/cairo-5.3.0.tgz",
      "integrity": "sha512-MdY6+gee1DVz4eUvx1Dd8Y1f50WcRELRKwKBarYZA3zT8dMhkuTWbcoE1LzezAy97h/9rob87s02NI6L8MaDgA==",
      "license": "OFL-1.1",
      "funding": {
        "url": "https://github.com/sponsors/ayuhito"
      }
    },
    "node_modules/@fontsource/dm-sans": {
      "version": "5.3.0",
      "resolved": "https://registry.npmjs.org/@fontsource/dm-sans/-/dm-sans-5.3.0.tgz",
      "integrity": "sha512-lYJtMXXO28q1z+yz+z8XKd0s4hXaa9QdkETzkyD760sidCv5heI86weYA0sx0Nc4pAMAQTUuyf4gO44cYKKS9g==",
      "license": "OFL-1.1",
      "funding": {
        "url": "https://github.com/sponsors/ayuhito"
      }
    },
    "node_modules/@fontsource/tajawal": {
      "version": "5.3.0",
      "resolved": "https://registry.npmjs.org/@fontsource/tajawal/-/tajawal-5.3.0.tgz",
      "integrity": "sha512-R2GUdHHAebeZ+CyYvulaSECfZe3BWbNjEWX3TXG0Csnx4RADO/zyqk6Y//NYdSx5n74zRJh9HTvd61mpX/UzZQ==",
      "license": "OFL-1.1",
      "funding": {
        "url": "https://github.com/sponsors/ayuhito"
      }
    },
    "node_modules/playwright": {
      "version": "1.63.0",
      "resolved": "https://registry.npmjs.org/playwright/-/playwright-1.63.0.tgz",
      "integrity": "sha512-+7ziBLidS4NaNCdt57SUDT+wYmmd5fmiQejUic/kb+YsYSCPyOOE9sebzMjNmQrsnNpDJqd4WHvV/8lfKfUDUg==",
      "license": "Apache-2.0",
      "dependencies": {
        "playwright-core": "1.63.0"
      },
      "bin": {
        "playwright": "cli.js"
      },
      "engines": {
        "node": ">=20"
      }
    },
    "node_modules/playwright-core": {
      "version": "1.63.0",
      "resolved": "https://registry.npmjs.org/playwright-core/-/playwright-core-1.63.0.tgz",
      "integrity": "sha512-rYCsBF/M5HjUch52bbtVONEFjv6Xu8sm8h72dNlR5bzIE1fvC/bxgspzkjSfU+MweEMmPM8KJebG6nnyxo5mCg==",
      "license": "Apache-2.0",
      "bin": {
        "playwright-core": "cli.js"
      },
      "engines": {
        "node": ">=20"
      }
    }
  }
}
